// !$*UTF8*$!
{
	archiveVersion = 1;
	classes = {
	};
	objectVersion = 46;
	objects = {

/* Begin PBXBuildFile section */
		CA2B75FF1E446E7700A6A7B0 /* AppDelegate.swift in Sources */ = {isa = PBXBuildFile; fileRef = CA2B75FE1E446E7700A6A7B0 /* AppDelegate.swift */; };
		CA2B76011E446E7700A6A7B0 /* ViewController.swift in Sources */ = {isa = PBXBuildFile; fileRef = CA2B76001E446E7700A6A7B0 /* ViewController.swift */; };
		CA2B76041E446E7700A6A7B0 /* Main.storyboard in Resources */ = {isa = PBXBuildFile; fileRef = CA2B76021E446E7700A6A7B0 /* Main.storyboard */; };
		CA2B76061E446E7700A6A7B0 /* Assets.xcassets in Resources */ = {isa = PBXBuildFile; fileRef = CA2B76051E446E7700A6A7B0 /* Assets.xcassets */; };
		CA2B76091E446E7700A6A7B0 /* LaunchScreen.storyboard in Resources */ = {isa = PBXBuildFile; fileRef = CA2B76071E446E7700A6A7B0 /* LaunchScreen.storyboard */; };
		CA2B76121E446EFE00A6A7B0 /* Realm.framework in Frameworks */ = {isa = PBXBuildFile; fileRef = CA2B76101E446EFE00A6A7B0 /* Realm.framework */; };
		CA2B76131E446EFE00A6A7B0 /* Realm.framework in Embed Frameworks */ = {isa = PBXBuildFile; fileRef = CA2B76101E446EFE00A6A7B0 /* Realm.framework */; settings = {ATTRIBUTES = (CodeSignOnCopy, RemoveHeadersOnCopy, ); }; };
		CA2B76141E446EFE00A6A7B0 /* RealmSwift.framework in Frameworks */ = {isa = PBXBuildFile; fileRef = CA2B76111E446EFE00A6A7B0 /* RealmSwift.framework */; };
		CA2B76151E446EFE00A6A7B0 /* RealmSwift.framework in Embed Frameworks */ = {isa = PBXBuildFile; fileRef = CA2B76111E446EFE00A6A7B0 /* RealmSwift.framework */; settings = {ATTRIBUTES = (CodeSignOnCopy, RemoveHeadersOnCopy, ); }; };
/* End PBXBuildFile section */

/* Begin PBXCopyFilesBuildPhase section */
		CA2B76161E446EFE00A6A7B0 /* Embed Frameworks */ = {
			isa = PBXCopyFilesBuildPhase;
			buildActionMask = 2147483647;
			dstPath = "";
			dstSubfolderSpec = 10;
			files = (
				CA2B76151E446EFE00A6A7B0 /* RealmSwift.framework in Embed Frameworks */,
				CA2B76131E446EFE00A6A7B0 /* Realm.framework in Embed Frameworks */,
			);
			name = "Embed Frameworks";
			runOnlyForDeploymentPostprocessing = 0;
		};
/* End PBXCopyFilesBuildPhase section */

/* Begin PBXFileReference section */
		CA2B75FB1E446E7700A6A7B0 /* StartRealm.app */ = {isa = PBXFileReference; explicitFileType = wrapper.application; includeInIndex = 0; path = StartRealm.app; sourceTree = BUILT_PRODUCTS_DIR; };
		CA2B75FE1E446E7700A6A7B0 /* AppDelegate.swift */ = {isa = PBXFileReference; lastKnownFileType = sourcecode.swift; path = AppDelegate.swift; sourceTree = "<group>"; };
		CA2B76001E446E7700A6A7B0 /* ViewController.swift */ = {isa = PBXFileReference; lastKnownFileType = sourcecode.swift; path = ViewController.swift; sourceTree = "<group>"; };
		CA2B76031E446E7700A6A7B0 /* Base */ = {isa = PBXFileReference; lastKnownFileType = file.storyboard; name = Base; path = Base.lproj/Main.storyboard; sourceTree = "<group>"; };
		CA2B76051E446E7700A6A7B0 /* Assets.xcassets */ = {isa = PBXFileReference; lastKnownFileType = folder.assetcatalog; path = Assets.xcassets; sourceTree = "<group>"; };
		CA2B76081E446E7700A6A7B0 /* Base */ = {isa = PBXFileReference; lastKnownFileType = file.storyboard; name = Base; path = Base.lproj/LaunchScreen.storyboard; sourceTree = "<group>"; };
		CA2B760A1E446E7700A6A7B0 /* Info.plist */ = {isa = PBXFileReference; lastKnownFileType = text.plist.xml; path = Info.plist; sourceTree = "<group>"; };
		CA2B76101E446EFE00A6A7B0 /* Realm.framework */ = {isa = PBXFileReference; lastKnownFileType = wrapper.framework; path = Realm.framework; sourceTree = "<group>"; };
		CA2B76111E446EFE00A6A7B0 /* RealmSwift.framework */ = {isa = PBXFileReference; lastKnownFileType = wrapper.framework; path = RealmSwift.framework; sourceTree = "<group>"; };
/* End PBXFileReference section */

/* Begin PBXFrameworksBuildPhase section */
		CA2B75F81E446E7700A6A7B0 /* Frameworks */ = {
			isa = PBXFrameworksBuildPhase;
			buildActionMask = 2147483647;
			files = (
				CA2B76141E446EFE00A6A7B0 /* RealmSwift.framework in Frameworks */,
				CA2B76121E446EFE00A6A7B0 /* Realm.framework in Frameworks */,
			);
			runOnlyForDeploymentPostprocessing = 0;
		};
/* End PBXFrameworksBuildPhase section */

/* Begin PBXGroup section */
		CA2B75F21E446E7700A6A7B0 = {
			isa = PBXGroup;
			children = (
				CA2B76101E446EFE00A6A7B0 /* Realm.framework */,
				CA2B76111E446EFE00A6A7B0 /* RealmSwift.framework */,
				CA2B75FD1E446E7700A6A7B0 /* StartRealm */,
				CA2B75FC1E446E7700A6A7B0 /* Products */,
			);
			sourceTree = "<group>";
		};
		CA2B75FC1E446E7700A6A7B0 /* Products */ = {
			isa = PBXGroup;
			children = (
				CA2B75FB1E446E7700A6A7B0 /* StartRealm.app */,
			);
			name = Products;
			sourceTree = "<group>";
		};
		CA2B75FD1E446E7700A6A7B0 /* StartRealm */ = {
			isa = PBXGroup;
			children = (
				CA2B75FE1E446E7700A6A7B0 /* AppDelegate.swift */,
				CA2B76001E446E7700A6A7B0 /* ViewController.swift */,
				CA2B76021E446E7700A6A7B0 /* Main.storyboard */,
				CA2B76051E446E7700A6A7B0 /* Assets.xcassets */,
				CA2B76071E446E7700A6A7B0 /* LaunchScreen.storyboard */,
				CA2B760A1E446E7700A6A7B0 /* Info.plist */,
			);
			path = StartRealm;
			sourceTree = "<group>";
		};
/* End PBXGroup section */

/* Begin PBXNativeTarget section */
		CA2B75FA1E446E7700A6A7B0 /* StartRealm */ = {
			isa = PBXNativeTarget;
			buildConfigurationList = CA2B760D1E446E7700A6A7B0 /* Build configuration list for PBXNativeTarget "StartRealm" */;
			buildPhases = (
				CA2B75F71E446E7700A6A7B0 /* Sources */,
				CA2B75F81E446E7700A6A7B0 /* Frameworks */,
				CA2B75F91E446E7700A6A7B0 /* Resources */,
				CA2B76161E446EFE00A6A7B0 /* Embed Frameworks */,
				CA2B76171E446FB800A6A7B0 /* ShellScript */,
			);
			buildRules = (
			);
			dependencies = (
			);
			name = StartRealm;
			productName = StartRealm;
			productReference = CA2B75FB1E446E7700A6A7B0 /* StartRealm.app */;
			productType = "com.apple.product-type.application";
		};
/* End PBXNativeTarget section */

/* Begin PBXProject section */
		CA2B75F31E446E7700A6A7B0 /* Project object */ = {
			isa = PBXProject;
			attributes = {
				LastSwiftUpdateCheck = 0820;
				LastUpgradeCheck = 0820;
				ORGANIZATIONNAME = Eunjoo;
				TargetAttributes = {
					CA2B75FA1E446E7700A6A7B0 = {
						CreatedOnToolsVersion = 8.2.1;
						DevelopmentTeam = 2REKM3AWZ4;
						ProvisioningStyle = Automatic;
					};
				};
			};
			buildConfigurationList = CA2B75F61E446E7700A6A7B0 /* Build configuration list for PBXProject "StartRealm" */;
			compatibilityVersion = "Xcode 3.2";
			developmentRegion = English;
			hasScannedForEncodings = 0;
			knownRegions = (
				en,
				Base,
			);
			mainGroup = CA2B75F21E446E7700A6A7B0;
			productRefGroup = CA2B75FC1E446E7700A6A7B0 /* Products */;
			projectDirPath = "";
			projectRoot = "";
			targets = (
				CA2B75FA1E446E7700A6A7B0 /* StartRealm */,
			);
		};
/* End PBXProject section */

/* Begin PBXResourcesBuildPhase section */
		CA2B75F91E446E7700A6A7B0 /* Resources */ = {
			isa = PBXResourcesBuildPhase;
			buildActionMask = 2147483647;
			files = (
				CA2B76091E446E7700A6A7B0 /* LaunchScreen.storyboard in Resources */,
				CA2B76061E446E7700A6A7B0 /* Assets.xcassets in Resources */,
				CA2B76041E446E7700A6A7B0 /* Main.storyboard in Resources */,
			);
			runOnlyForDeploymentPostprocessing = 0;
		};
/* End PBXResourcesBuildPhase section */

/* Begin PBXShellScriptBuildPhase section */
		CA2B76171E446FB800A6A7B0 /* ShellScript */ = {
			isa = PBXShellScriptBuildPhase;
			buildActionMask = 2147483647;
			files = (
			);
			inputPaths = (
			);
			outputPaths = (
			);
			runOnlyForDeploymentPostprocessing = 0;
			shellPath = /bin/sh;
			shellScript = "bash \"${BUILT_PRODUCTS_DIR}/${FRAMEWORKS_FOLDER_PATH}/Realm.framework/strip-frameworks.sh\"";
		};
/* End PBXShellScriptBuildPhase section */

/* Begin PBXSourcesBuildPhase section */
		CA2B75F71E446E7700A6A7B0 /* Sources */ = {
			isa = PBXSourcesBuildPhase;
			buildActionMask = 2147483647;
			files = (
				CA2B76011E446E7700A6A7B0 /* ViewController.swift in Sources */,
				CA2B75FF1E446E7700A6A7B0 /* AppDelegate.swift in Sources */,
			);
			runOnlyForDeploymentPostprocessing = 0;
		};
/* End PBXSourcesBuildPhase section */

/* Begin PBXVariantGroup section */
		CA2B76021E446E7700A6A7B0 /* Main.storyboard */ = {
			isa = PBXVariantGroup;
			children = (
				CA2B76031E446E7700A6A7B0 /* Base */,
			);
			name = Main.storyboard;
			sourceTree = "<group>";
		};
		CA2B76071E446E7700A6A7B0 /* LaunchScreen.storyboard */ = {
			isa = PBXVariantGroup;
			children = (
				CA2B76081E446E7700A6A7B0 /* Base */,
			);
			name = LaunchScreen.storyboard;
			sourceTree = "<group>";
		};
/* End PBXVariantGroup section */

/* Begin XCBuildConfiguration section */
		CA2B760B1E446E7700A6A7B0 /* Debug */ = {
			isa = XCBuildConfiguration;
			buildSettings = {
				ALWAYS_SEARCH_USER_PATHS = NO;
				CLANG_ANALYZER_NONNULL = YES;
				CLANG_CXX_LANGUAGE_STANDARD = "gnu++0x";
				CLANG_CXX_LIBRARY = "libc++";
				CLANG_ENABLE_MODULES = YES;
				CLANG_ENABLE_OBJC_ARC = YES;
				CLANG_WARN_BOOL_CONVERSION = YES;
				CLANG_WARN_CONSTANT_CONVERSION = YES;
				CLANG_WARN_DIRECT_OBJC_ISA_USAGE = YES_ERROR;
				CLANG_WARN_DOCUMENTATION_COMMENTS = YES;
				CLANG_WARN_EMPTY_BODY = YES;
				CLANG_WARN_ENUM_CONVERSION = YES;
				CLANG_WARN_INFINITE_RECURSION = YES;
				CLANG_WARN_INT_CONVERSION = YES;
				CLANG_WARN_OBJC_ROOT_CLASS = YES_ERROR;
				CLANG_WARN_SUSPICIOUS_MOVE = YES;
				CLANG_WARN_UNREACHABLE_CODE = YES;
				CLANG_WARN__DUPLICATE_METHOD_MATCH = YES;
				"CODE_SIGN_IDENTITY[sdk=iphoneos*]" = "iPhone Developer";
				COPY_PHASE_STRIP = NO;
				DEBUG_INFORMATION_FORMAT = dwarf;
				ENABLE_STRICT_OBJC_MSGSEND = YES;
				ENABLE_TESTABILITY = YES;
				GCC_C_LANGUAGE_STANDARD = gnu99;
				GCC_DYNAMIC_NO_PIC = NO;
				GCC_NO_COMMON_BLOCKS = YES;
				GCC_OPTIMIZATION_LEVEL = 0;
				GCC_PREPROCESSOR_DEFINITIONS = (
					"DEBUG=1",
					"$(inherited)",
				);
				GCC_WARN_64_TO_32_BIT_CONVERSION = YES;
				GCC_WARN_ABOUT_RETURN_TYPE = YES_ERROR;
				GCC_WARN_UNDECLARED_SELECTOR = YES;
				GCC_WARN_UNINITIALIZED_AUTOS = YES_AGGRESSIVE;
				GCC_WARN_UNUSED_FUNCTION = YES;
				GCC_WARN_UNUSED_VARIABLE = YES;
				IPHONEOS_DEPLOYMENT_TARGET = 10.2;
				MTL_ENABLE_DEBUG_INFO = YES;
				ONLY_ACTIVE_ARCH = YES;
				SDKROOT = iphoneos;
				SWIFT_ACTIVE_COMPILATION_CONDITIONS = DEBUG;
				SWIFT_OPTIMIZATION_LEVEL = "-Onone";
			};
			name = Debug;
		};
		CA2B760C1E446E7700A6A7B0 /* Release */ = {
			isa = XCBuildConfiguration;
			buildSettings = {
				ALWAYS_SEARCH_USER_PATHS = NO;
				CLANG_ANALYZER_NONNULL = YES;
				CLANG_CXX_LANGUAGE_STANDARD = "gnu++0x";
				CLANG_CXX_LIBRARY = "libc++";
				CLANG_ENABLE_MODULES = YES;
				CLANG_ENABLE_OBJC_ARC = YES;
				CLANG_WARN_BOOL_CONVERSION = YES;
				CLANG_WARN_CONSTANT_CONVERSION = YES;
				CLANG_WARN_DIRECT_OBJC_ISA_USAGE = YES_ERROR;
				CLANG_WARN_DOCUMENTATION_COMMENTS = YES;
				CLANG_WARN_EMPTY_BODY = YES;
				CLANG_WARN_ENUM_CONVERSION = YES;
				CLANG_WARN_INFINITE_RECURSION = YES;
				CLANG_WARN_INT_CONVERSION = YES;
				CLANG_WARN_OBJC_ROOT_CLASS = YES_ERROR;
				CLANG_WARN_SUSPICIOUS_MOVE = YES;
				CLANG_WARN_UNREACHABLE_CODE = YES;
				CLANG_WARN__DUPLICATE_METHOD_MATCH = YES;
				"CODE_SIGN_IDENTITY[sdk=iphoneos*]" = "iPhone Developer";
				COPY_PHASE_STRIP = NO;
				DEBUG_INFORMATION_FORMAT = "dwarf-with-dsym";
				ENABLE_NS_ASSERTIONS = NO;
				ENABLE_STRICT_OBJC_MSGSEND = YES;
				GCC_C_LANGUAGE_STANDARD = gnu99;
				GCC_NO_COMMON_BLOCKS = YES;
				GCC_WARN_64_TO_32_BIT_CONVERSION = YES;
				GCC_WARN_ABOUT_RETURN_TYPE = YES_ERROR;
				GCC_WARN_UNDECLARED_SELECTOR = YES;
				GCC_WARN_UNINITIALIZED_AUTOS = YES_AGGRESSIVE;
				GCC_WARN_UNUSED_FUNCTION = YES;
				GCC_WARN_UNUSED_VARIABLE = YES;
				IPHONEOS_DEPLOYMENT_TARGET = 10.2;
				MTL_ENABLE_DEBUG_INFO = NO;
				SDKROOT = iphoneos;
				SWIFT_OPTIMIZATION_LEVEL = "-Owholemodule";
				VALIDATE_PRODUCT = YES;
			};
			name = Release;
		};
		CA2B760E1E446E7700A6A7B0 /* Debug */ = {
			isa = XCBuildConfiguration;
			buildSettings = {
				ASSETCATALOG_COMPILER_APPICON_NAME = AppIcon;
				DEVELOPMENT_TEAM = 2REKM3AWZ4;
				FRAMEWORK_SEARCH_PATHS = (
					"$(inherited)",
					"$(PROJECT_DIR)",
				);
				INFOPLIST_FILE = StartRealm/Info.plist;
				LD_RUNPATH_SEARCH_PATHS = "$(inherited) @executable_path/Frameworks";
				PRODUCT_BUNDLE_IDENTIFIER = io.realm.StartRealm;
				PRODUCT_NAME = "$(TARGET_NAME)";
				SWIFT_VERSION = 3.0;
			};
			name = Debug;
		};
		CA2B760F1E446E7700A6A7B0 /* Release */ = {
			isa = XCBuildConfiguration;
			buildSettings = {
				ASSETCATALOG_COMPILER_APPICON_NAME = AppIcon;
				DEVELOPMENT_TEAM = 2REKM3AWZ4;
				FRAMEWORK_SEARCH_PATHS = (
					"$(inherited)",
					"$(PROJECT_DIR)",
				);
				INFOPLIST_FILE = StartRealm/Info.plist;
				LD_RUNPATH_SEARCH_PATHS = "$(inherited) @executable_path/Frameworks";
				PRODUCT_BUNDLE_IDENTIFIER = io.realm.StartRealm;
				PRODUCT_NAME = "$(TARGET_NAME)";
				SWIFT_VERSION = 3.0;
			};
			name = Release;
		};
/* End XCBuildConfiguration section */

/* Begin XCConfigurationList section */
		CA2B75F61E446E7700A6A7B0 /* Build configuration list for PBXProject "StartRealm" */ = {
			isa = XCConfigurationList;
			buildConfigurations = (
				CA2B760B1E446E7700A6A7B0 /* Debug */,
				CA2B760C1E446E7700A6A7B0 /* Release */,
			);
			defaultConfigurationIsVisible = 0;
			defaultConfigurationName = Release;
		};
		CA2B760D1E446E7700A6A7B0 /* Build configuration list for PBXNativeTarget "StartRealm" */ = {
			isa = XCConfigurationList;
			buildConfigurations = (
				CA2B760E1E446E7700A6A7B0 /* Debug */,
				CA2B760F1E446E7700A6A7B0 /* Release */,
			);
			defaultConfigurationIsVisible = 0;
		};
/* End XCConfigurationList section */
	};
	rootObject = CA2B75F31E446E7700A6A7B0 /* Project object */;
}
